
Microsoft Visual Studio Solution File, Format Version 12.00
# Visual Studio Version 17
VisualStudioVersion = 17.4.33205.214
MinimumVisualStudioVersion = 10.0.40219.1
Project("{FAE04EC0-301F-11D3-BF4B-00C04F79EFBC}") = "WindowsService", "WindowsService\WindowsService.csproj", "{2A5E7921-DC01-4624-B1BF-0D2CE7B4DAB9}"
EndProject
Global
	GlobalSection(SolutionConfigurationPlatforms) = preSolution
		Debug|Any CPU = Debug|Any CPU
		Release|Any CPU = Release|Any CPU
	EndGlobalSection
	GlobalSection(ProjectConfigurationPlatforms) = postSolution
		{2A5E7921-DC01-4624-B1BF-0D2CE7B4DAB9}.Debug|Any CPU.ActiveCfg = Debug|Any CPU
		{2A5E7921-DC01-4624-B1BF-0D2CE7B4DAB9}.Debug|Any CPU.Build.0 = Debug|Any CPU
		{2A5E7921-DC01-4624-B1BF-0D2CE7B4DAB9}.Release|Any CPU.ActiveCfg = Release|Any CPU
		{2A5E7921-DC01-4624-B1BF-0D2CE7B4DAB9}.Release|Any CPU.Build.0 = Release|Any CPU
	EndGlobalSection
	GlobalSection(SolutionProperties) = preSolution
		HideSolutionNode = FALSE
	EndGlobalSection
	GlobalSection(ExtensibilityGlobals) = postSolution
		SolutionGuid = {F9944248-F502-4CC2-8534-FE37C85EB68B}
	EndGlobalSection
EndGlobal
